{
  "name": "@browserid-ng/bsky",
  "version": "0.1.5",
  "lockfileVersion": 3,
  "requires": true,
  "packages": {
    "": {
      "name": "@browserid-ng/bsky",
      "version": "0.1.5",
      "license": "MPL-2.0",
      "dependencies": {
        "@browserid-ng/agent": "^0.2.0"
      },
      "bin": {
        "browserid-bsky": "cli.mjs"
      },
      "engines": {
        "node": ">=18"
      }
    },
    "../../browserid-ng/sdk/agent": {
      "name": "@browserid-ng/agent",
      "version": "0.2.0",
      "license": "MPL-2.0",
      "engines": {
        "node": ">=18"
      }
    },
    "node_modules/@browserid-ng/agent": {
      "resolved": "../../browserid-ng/sdk/agent",
      "link": true
    }
  }
}
